
Microsoft Visual Studio Solution File, Format Version 12.00
# Visual Studio 2013
VisualStudioVersion = 12.0.21005.1
MinimumVisualStudioVersion = 10.0.40219.1
Project("{2150E333-8FDC-42A3-9474-1A3956D46DE8}") = "UI", "UI", "{A098668D-0A27-4F86-93BF-40C5B0D5FDA1}"
EndProject
Project("{2150E333-8FDC-42A3-9474-1A3956D46DE8}") = "BLL", "BLL", "{0860B146-B671-488D-8ADC-8E37DBF06D6A}"
EndProject
Project("{2150E333-8FDC-42A3-9474-1A3956D46DE8}") = "DAL", "DAL", "{F169E07A-5F4A-40AD-9C1E-B6832564C93A}"
EndProject
Project("{2150E333-8FDC-42A3-9474-1A3956D46DE8}") = "Domain", "Domain", "{6E22A3EE-FE6B-43E0-A73F-A9682853A40E}"
EndProject
Project("{2150E333-8FDC-42A3-9474-1A3956D46DE8}") = "Resources", "Resources", "{23F057D4-0069-44DD-BC10-0979B2F0C047}"
EndProject
Project("{2150E333-8FDC-42A3-9474-1A3956D46DE8}") = "Utility", "Utility", "{C6E852FF-70CE-4287-8BB7-3CF43F6A5B56}"
EndProject
Project("{FAE04EC0-301F-11D3-BF4B-00C04F79EFBC}") = "SMS.BLL", "SWS.BLL\SMS.BLL.csproj", "{0B14B3FD-0DDA-45ED-B0A2-C14B1E1C744E}"
EndProject
Project("{FAE04EC0-301F-11D3-BF4B-00C04F79EFBC}") = "SMS.DAL", "SWS.DAL\SMS.DAL.csproj", "{1233C27B-C34B-45CD-AA85-8E7A5035C35C}"
EndProject
Project("{FAE04EC0-301F-11D3-BF4B-00C04F79EFBC}") = "SMS.Domain", "SWS.Domain\SMS.Domain.csproj", "{C23E5E9C-4ACA-44C0-BC1B-D89F49F04F85}"
EndProject
Project("{FAE04EC0-301F-11D3-BF4B-00C04F79EFBC}") = "SMS.Web", "SMS.Web\SMS.Web.csproj", "{5CCE7DD9-7AC0-4A91-89A4-8EB80330862C}"
EndProject
Global
	GlobalSection(SolutionConfigurationPlatforms) = preSolution
		Debug|Any CPU = Debug|Any CPU
		Release|Any CPU = Release|Any CPU
	EndGlobalSection
	GlobalSection(ProjectConfigurationPlatforms) = postSolution
		{0B14B3FD-0DDA-45ED-B0A2-C14B1E1C744E}.Debug|Any CPU.ActiveCfg = Debug|Any CPU
		{0B14B3FD-0DDA-45ED-B0A2-C14B1E1C744E}.Debug|Any CPU.Build.0 = Debug|Any CPU
		{0B14B3FD-0DDA-45ED-B0A2-C14B1E1C744E}.Release|Any CPU.ActiveCfg = Release|Any CPU
		{0B14B3FD-0DDA-45ED-B0A2-C14B1E1C744E}.Release|Any CPU.Build.0 = Release|Any CPU
		{1233C27B-C34B-45CD-AA85-8E7A5035C35C}.Debug|Any CPU.ActiveCfg = Debug|Any CPU
		{1233C27B-C34B-45CD-AA85-8E7A5035C35C}.Debug|Any CPU.Build.0 = Debug|Any CPU
		{1233C27B-C34B-45CD-AA85-8E7A5035C35C}.Release|Any CPU.ActiveCfg = Release|Any CPU
		{1233C27B-C34B-45CD-AA85-8E7A5035C35C}.Release|Any CPU.Build.0 = Release|Any CPU
		{C23E5E9C-4ACA-44C0-BC1B-D89F49F04F85}.Debug|Any CPU.ActiveCfg = Debug|Any CPU
		{C23E5E9C-4ACA-44C0-BC1B-D89F49F04F85}.Debug|Any CPU.Build.0 = Debug|Any CPU
		{C23E5E9C-4ACA-44C0-BC1B-D89F49F04F85}.Release|Any CPU.ActiveCfg = Release|Any CPU
		{C23E5E9C-4ACA-44C0-BC1B-D89F49F04F85}.Release|Any CPU.Build.0 = Release|Any CPU
		{5CCE7DD9-7AC0-4A91-89A4-8EB80330862C}.Debug|Any CPU.ActiveCfg = Debug|Any CPU
		{5CCE7DD9-7AC0-4A91-89A4-8EB80330862C}.Debug|Any CPU.Build.0 = Debug|Any CPU
		{5CCE7DD9-7AC0-4A91-89A4-8EB80330862C}.Release|Any CPU.ActiveCfg = Release|Any CPU
		{5CCE7DD9-7AC0-4A91-89A4-8EB80330862C}.Release|Any CPU.Build.0 = Release|Any CPU
	EndGlobalSection
	GlobalSection(SolutionProperties) = preSolution
		HideSolutionNode = FALSE
	EndGlobalSection
	GlobalSection(NestedProjects) = preSolution
		{5CCE7DD9-7AC0-4A91-89A4-8EB80330862C} = {A098668D-0A27-4F86-93BF-40C5B0D5FDA1}
		{0B14B3FD-0DDA-45ED-B0A2-C14B1E1C744E} = {0860B146-B671-488D-8ADC-8E37DBF06D6A}
		{1233C27B-C34B-45CD-AA85-8E7A5035C35C} = {F169E07A-5F4A-40AD-9C1E-B6832564C93A}
		{C23E5E9C-4ACA-44C0-BC1B-D89F49F04F85} = {6E22A3EE-FE6B-43E0-A73F-A9682853A40E}
	EndGlobalSection
EndGlobal
